
Microsoft Visual Studio Solution File, Format Version 12.00
# Visual Studio Version 17
VisualStudioVersion = 17.0.32014.148
MinimumVisualStudioVersion = 10.0.40219.1
Project("{8BC9CEB8-8B4A-11D0-8D11-00A0C91BC942}") = "DLLinjection", "DLLinjection\DLLinjection.vcxproj", "{B7AAB6A0-30F3-47E7-A3E1-E1C3D78E1C05}"
EndProject
Global
	GlobalSection(SolutionConfigurationPlatforms) = preSolution
		Debug|x64 = Debug|x64
		Debug|x86 = Debug|x86
		Release|x64 = Release|x64
		Release|x86 = Release|x86
	EndGlobalSection
	GlobalSection(ProjectConfigurationPlatforms) = postSolution
		{B7AAB6A0-30F3-47E7-A3E1-E1C3D78E1C05}.Debug|x64.ActiveCfg = Debug|x64
		{B7AAB6A0-30F3-47E7-A3E1-E1C3D78E1C05}.Debug|x64.Build.0 = Debug|x64
		{B7AAB6A0-30F3-47E7-A3E1-E1C3D78E1C05}.Debug|x86.ActiveCfg = Debug|Win32
		{B7AAB6A0-30F3-47E7-A3E1-E1C3D78E1C05}.Debug|x86.Build.0 = Debug|Win32
		{B7AAB6A0-30F3-47E7-A3E1-E1C3D78E1C05}.Release|x64.ActiveCfg = Release|x64
		{B7AAB6A0-30F3-47E7-A3E1-E1C3D78E1C05}.Release|x64.Build.0 = Release|x64
		{B7AAB6A0-30F3-47E7-A3E1-E1C3D78E1C05}.Release|x86.ActiveCfg = Release|Win32
		{B7AAB6A0-30F3-47E7-A3E1-E1C3D78E1C05}.Release|x86.Build.0 = Release|Win32
	EndGlobalSection
	GlobalSection(SolutionProperties) = preSolution
		HideSolutionNode = FALSE
	EndGlobalSection
	GlobalSection(ExtensibilityGlobals) = postSolution
		SolutionGuid = {F9DCC592-5052-4BAF-B22E-30B604D657AC}
	EndGlobalSection
EndGlobal
